# This file is automatically @generated by Cargo.
# It is not intended for manual editing.
version = 4

[[package]]
name = "envoix-cli"
version = "0.1.0"
dependencies = [
 "envoix-client",
]

[[package]]
name = "envoix-client"
version = "0.1.0"
dependencies = [
 "envoix-session",
]

[[package]]
name = "envoix-crypto"
version = "0.1.0"
dependencies = [
 "envoix-error",
 "envoix-types",
]

[[package]]
name = "envoix-discovery"
version = "0.1.0"
dependencies = [
 "envoix-error",
 "envoix-transport",
]

[[package]]
name = "envoix-error"
version = "0.1.0"

[[package]]
name = "envoix-protocol"
version = "0.1.0"
dependencies = [
 "envoix-error",
 "envoix-types",
]

[[package]]
name = "envoix-session"
version = "0.1.0"
dependencies = [
 "envoix-crypto",
 "envoix-discovery",
 "envoix-transfer",
 "envoix-transport-tcp",
]

[[package]]
name = "envoix-storage"
version = "0.1.0"
dependencies = [
 "envoix-error",
 "envoix-types",
]

[[package]]
name = "envoix-transfer"
version = "0.1.0"
dependencies = [
 "envoix-crypto",
 "envoix-error",
 "envoix-storage",
 "envoix-transport",
 "envoix-types",
]

[[package]]
name = "envoix-transport"
version = "0.1.0"
dependencies = [
 "envoix-error",
 "envoix-protocol",
]

[[package]]
name = "envoix-transport-tcp"
version = "0.1.0"
dependencies = [
 "envoix-protocol",
 "envoix-transport",
]

[[package]]
name = "envoix-types"
version = "0.1.0"
